{
  "nodes": {
    "agenix": {
      "inputs": {
        "darwin": "darwin",
        "nixpkgs": [
          "nixpkgs"
        ]
      },
      "locked": {
        "lastModified": 1675176355,
        "narHash": "sha256-Qjxh5cmN56siY97mzmBLI1+cdjXSPqmfPVsKxBvHmwI=",
        "owner": "ryantm",
        "repo": "agenix",
        "rev": "b7ffcfe77f817d9ee992640ba1f270718d197f28",
        "type": "github"
      },
      "original": {
        "owner": "ryantm",
        "repo": "agenix",
        "type": "github"
      }
    },
    "archivebox": {
      "inputs": {
        "flake-utils": [
          "flake-utils"
        ],
        "nixpkgs": [
          "nixpkgs"
        ]
      },
      "locked": {
        "lastModified": 1648612759,
        "narHash": "sha256-SJwlpD2Wz3zFoX2mIYCQfwIOYHaOdeiWGFeDXsLGM84=",
        "ref": "refs/heads/master",
        "rev": "39d338b9b24159d8ef3309eecc0d32a2a9f102b5",
        "revCount": 2,
        "type": "git",
        "url": "https://git.neet.dev/zuckerberg/archivebox.git"
      },
      "original": {
        "type": "git",
        "url": "https://git.neet.dev/zuckerberg/archivebox.git"
      }
    },
    "blobs": {
      "flake": false,
      "locked": {
        "lastModified": 1604995301,
        "narHash": "sha256-wcLzgLec6SGJA8fx1OEN1yV/Py5b+U5iyYpksUY/yLw=",
        "owner": "simple-nixos-mailserver",
        "repo": "blobs",
        "rev": "2cccdf1ca48316f2cfd1c9a0017e8de5a7156265",
        "type": "gitlab"
      },
      "original": {
        "owner": "simple-nixos-mailserver",
        "repo": "blobs",
        "type": "gitlab"
      }
    },
    "dailybuild_modules": {
      "inputs": {
        "flake-utils": [
          "flake-utils"
        ],
        "nixpkgs": [
          "nixpkgs"
        ]
      },
      "locked": {
        "lastModified": 1651719222,
        "narHash": "sha256-p/GY5vOP+HUlxNL4OtEhmBNEVQsedOHXEmjfCGONVmE=",
        "ref": "refs/heads/master",
        "rev": "1290ddd9a2ff2bf2d0f702750768312b80efcd34",
        "revCount": 19,
        "type": "git",
        "url": "https://git.neet.dev/zuckerberg/dailybuild_modules.git"
      },
      "original": {
        "type": "git",
        "url": "https://git.neet.dev/zuckerberg/dailybuild_modules.git"
      }
    },
    "darwin": {
      "inputs": {
        "nixpkgs": [
          "agenix",
          "nixpkgs"
        ]
      },
      "locked": {
        "lastModified": 1673295039,
        "narHash": "sha256-AsdYgE8/GPwcelGgrntlijMg4t3hLFJFCRF3tL5WVjA=",
        "owner": "lnl7",
        "repo": "nix-darwin",
        "rev": "87b9d090ad39b25b2400029c64825fc2a8868943",
        "type": "github"
      },
      "original": {
        "owner": "lnl7",
        "ref": "master",
        "repo": "nix-darwin",
        "type": "github"
      }
    },
    "deploy-rs": {
      "inputs": {
        "flake-compat": "flake-compat",
        "nixpkgs": [
          "nixpkgs"
        ],
        "utils": [
          "simple-nixos-mailserver",
          "utils"
        ]
      },
      "locked": {
        "lastModified": 1674127017,
        "narHash": "sha256-QO1xF7stu5ZMDLbHN30LFolMAwY6TVlzYvQoUs1RD68=",
        "owner": "serokell",
        "repo": "deploy-rs",
        "rev": "8c9ea9605eed20528bf60fae35a2b613b901fd77",
        "type": "github"
      },
      "original": {
        "owner": "serokell",
        "repo": "deploy-rs",
        "type": "github"
      }
    },
    "flake-compat": {
      "flake": false,
      "locked": {
        "lastModified": 1668681692,
        "narHash": "sha256-Ht91NGdewz8IQLtWZ9LCeNXMSXHUss+9COoqu6JLmXU=",
        "owner": "edolstra",
        "repo": "flake-compat",
        "rev": "009399224d5e398d03b22badca40a37ac85412a1",
        "type": "github"
      },
      "original": {
        "owner": "edolstra",
        "repo": "flake-compat",
        "type": "github"
      }
    },
    "flake-utils": {
      "locked": {
        "lastModified": 1667395993,
        "narHash": "sha256-nuEHfE/LcWyuSWnS8t12N1wc105Qtau+/OdUAjtQ0rA=",
        "owner": "numtide",
        "repo": "flake-utils",
        "rev": "5aed5285a952e0b949eb3ba02c12fa4fcfef535f",
        "type": "github"
      },
      "original": {
        "owner": "numtide",
        "repo": "flake-utils",
        "type": "github"
      }
    },
    "nix-index-database": {
      "inputs": {
        "nixpkgs": [
          "nixpkgs"
        ]
      },
      "locked": {
        "lastModified": 1677382901,
        "narHash": "sha256-2idFWlTVG+qUZkU2/W50amGSIxmN56igIkMAXKbv4S4=",
        "owner": "Mic92",
        "repo": "nix-index-database",
        "rev": "4306fa7c12e098360439faac1a2e6b8e509ec97c",
        "type": "github"
      },
      "original": {
        "owner": "Mic92",
        "repo": "nix-index-database",
        "type": "github"
      }
    },
    "nixpkgs": {
      "locked": {
        "lastModified": 1677823547,
        "narHash": "sha256-xD2qco8Pw8HAXgjf9OSi2H2N20WaTrtvgcl21525kVE=",
        "owner": "NixOS",
        "repo": "nixpkgs",
        "rev": "78c4d33c16092e535bc4ba1284ba49e3e138483a",
        "type": "github"
      },
      "original": {
        "owner": "NixOS",
        "ref": "master",
        "repo": "nixpkgs",
        "type": "github"
      }
    },
    "nixpkgs-22_05": {
      "locked": {
        "lastModified": 1654936503,
        "narHash": "sha256-soKzdhI4jTHv/rSbh89RdlcJmrPgH8oMb/PLqiqIYVQ=",
        "owner": "NixOS",
        "repo": "nixpkgs",
        "rev": "dab6df51387c3878cdea09f43589a15729cae9f4",
        "type": "github"
      },
      "original": {
        "id": "nixpkgs",
        "ref": "nixos-22.05",
        "type": "indirect"
      }
    },
    "nixpkgs-hostapd-pr": {
      "flake": false,
      "locked": {
        "narHash": "sha256-1rGQKcB1jeRPc1n021ulyOVkA6L6xmNYKmeqQ94+iRc=",
        "type": "file",
        "url": "https://github.com/NixOS/nixpkgs/pull/222536.patch"
      },
      "original": {
        "type": "file",
        "url": "https://github.com/NixOS/nixpkgs/pull/222536.patch"
      }
    },
    "radio": {
      "inputs": {
        "flake-utils": [
          "flake-utils"
        ],
        "nixpkgs": [
          "nixpkgs"
        ]
      },
      "locked": {
        "lastModified": 1631585589,
        "narHash": "sha256-q4o/4/2pEuJyaKZwNQC5KHnzG1obClzFB7zWk9XSDfY=",
        "ref": "main",
        "rev": "5bf607fed977d41a269942a7d1e92f3e6d4f2473",
        "revCount": 38,
        "type": "git",
        "url": "https://git.neet.dev/zuckerberg/radio.git"
      },
      "original": {
        "ref": "main",
        "rev": "5bf607fed977d41a269942a7d1e92f3e6d4f2473",
        "type": "git",
        "url": "https://git.neet.dev/zuckerberg/radio.git"
      }
    },
    "radio-web": {
      "flake": false,
      "locked": {
        "lastModified": 1652121792,
        "narHash": "sha256-j1Y9MAjUVNgyFSeGzPoqibAnEysJDjZSXukVfQ7+bsQ=",
        "ref": "refs/heads/master",
        "rev": "72e7a9e80b780c84ed8d4a6374bfbb242701f900",
        "revCount": 5,
        "type": "git",
        "url": "https://git.neet.dev/zuckerberg/radio-web.git"
      },
      "original": {
        "type": "git",
        "url": "https://git.neet.dev/zuckerberg/radio-web.git"
      }
    },
    "root": {
      "inputs": {
        "agenix": "agenix",
        "archivebox": "archivebox",
        "dailybuild_modules": "dailybuild_modules",
        "deploy-rs": "deploy-rs",
        "flake-utils": "flake-utils",
        "nix-index-database": "nix-index-database",
        "nixpkgs": "nixpkgs",
        "nixpkgs-hostapd-pr": "nixpkgs-hostapd-pr",
        "radio": "radio",
        "radio-web": "radio-web",
        "simple-nixos-mailserver": "simple-nixos-mailserver"
      }
    },
    "simple-nixos-mailserver": {
      "inputs": {
        "blobs": "blobs",
        "nixpkgs": [
          "nixpkgs"
        ],
        "nixpkgs-22_05": "nixpkgs-22_05",
        "utils": "utils"
      },
      "locked": {
        "lastModified": 1655930346,
        "narHash": "sha256-ht56HHOzEhjeIgAv5ZNFjSVX/in1YlUs0HG9c1EUXTM=",
        "owner": "simple-nixos-mailserver",
        "repo": "nixos-mailserver",
        "rev": "f535d8123c4761b2ed8138f3d202ea710a334a1d",
        "type": "gitlab"
      },
      "original": {
        "owner": "simple-nixos-mailserver",
        "ref": "nixos-22.05",
        "repo": "nixos-mailserver",
        "type": "gitlab"
      }
    },
    "utils": {
      "locked": {
        "lastModified": 1605370193,
        "narHash": "sha256-YyMTf3URDL/otKdKgtoMChu4vfVL3vCMkRqpGifhUn0=",
        "owner": "numtide",
        "repo": "flake-utils",
        "rev": "5021eac20303a61fafe17224c087f5519baed54d",
        "type": "github"
      },
      "original": {
        "owner": "numtide",
        "repo": "flake-utils",
        "type": "github"
      }
    }
  },
  "root": "root",
  "version": 7
}
